PODS:
  - Flutter (1.0.0)
  - flutter_opentok (0.0.1):
    - Flutter
    - OpenTok (= 2.16.3)
  - OpenTok (2.16.3)

DEPENDENCIES:
  - Flutter (from `.symlinks/flutter/ios`)
  - flutter_opentok (from `.symlinks/plugins/flutter_opentok/ios`)

SPEC REPOS:
  https://github.com/cocoapods/specs.git:
    - OpenTok

EXTERNAL SOURCES:
  Flutter:
    :path: ".symlinks/flutter/ios"
  flutter_opentok:
    :path: ".symlinks/plugins/flutter_opentok/ios"

SPEC CHECKSUMS:
  Flutter: 0e3d915762c693b495b44d77113d4970485de6ec
  flutter_opentok: c850cd946550870d9295708766ce225185f11d8b
  OpenTok: e17e1333108837cf0669be5de8f3155d1eb7ac12

PODFILE CHECKSUM: f599dbb7e9a24b42ebf7c20d0ea31a6db6fb973c

COCOAPODS: 1.7.5
