PODS:
  - Flutter (1.0.0)
  - flutter_opentok (0.0.1):
    - Flutter
    - OpenTok (= 2.16.3)
    - SnapKit (~> 5.0.0)
  - OpenTok (2.16.3)
  - SnapKit (5.0.1)

DEPENDENCIES:
  - Flutter (from `.symlinks/flutter/ios`)
  - flutter_opentok (from `.symlinks/plugins/flutter_opentok/ios`)

SPEC REPOS:
  https://github.com/CocoaPods/Specs.git:
    - OpenTok
    - SnapKit

EXTERNAL SOURCES:
  Flutter:
    :path: ".symlinks/flutter/ios"
  flutter_opentok:
    :path: ".symlinks/plugins/flutter_opentok/ios"

SPEC CHECKSUMS:
  Flutter: 0e3d915762c693b495b44d77113d4970485de6ec
  flutter_opentok: 928611411bd174f5b84280ec06f4b71b1815cad4
  OpenTok: e17e1333108837cf0669be5de8f3155d1eb7ac12
  SnapKit: 97b92857e3df3a0c71833cce143274bf6ef8e5eb

PODFILE CHECKSUM: c47916e0ea013ef4e06d5dbe697ddc982b15f926

COCOAPODS: 1.8.3
